
Microsoft Visual Studio Solution File, Format Version 12.00
# Visual Studio Version 17
VisualStudioVersion = 17.7.34221.43
MinimumVisualStudioVersion = 10.0.40219.1
Project("{2150E333-8FDC-42A3-9474-1A3956D46DE8}") = "00.Framework", "00.Framework", "{77540628-AEFF-4E6A-826D-CC70DBCB7534}"
EndProject
Project("{2150E333-8FDC-42A3-9474-1A3956D46DE8}") = "01.Core", "01.Core", "{3E37875D-EC98-40B7-8CB4-03A5B44BA696}"
EndProject
Project("{2150E333-8FDC-42A3-9474-1A3956D46DE8}") = "02.Infrastructure", "02.Infrastructure", "{66A38B0A-7B35-4D6C-9494-EF9356F59EEC}"
EndProject
Project("{2150E333-8FDC-42A3-9474-1A3956D46DE8}") = "03.Endpoints", "03.Endpoints", "{13013053-85AC-4E63-8480-31262CD40401}"
EndProject
Project("{FAE04EC0-301F-11D3-BF4B-00C04F79EFBC}") = "Battery_CRM.Framework", "00.Framework\Battery_CRM.Framework\Battery_CRM.Framework.csproj", "{7A9AE2A6-012B-4AAA-8682-E1E098DED198}"
EndProject
Project("{FAE04EC0-301F-11D3-BF4B-00C04F79EFBC}") = "Battery_CRM.Core.Domain", "01.Core\Battery_CRM.Core.Domain\Battery_CRM.Core.Domain.csproj", "{D0D4FB53-E5D4-4D9C-A00F-B2FC32470195}"
EndProject
Project("{FAE04EC0-301F-11D3-BF4B-00C04F79EFBC}") = "Battery_CRM.Infrastructure.Data.Sql", "02.Infrastructure\Battery_CRM.Infrastructure.Data.Sql\Battery_CRM.Infrastructure.Data.Sql.csproj", "{86772903-B059-4732-B000-FA2A448EC97B}"
EndProject
Project("{FAE04EC0-301F-11D3-BF4B-00C04F79EFBC}") = "Battery_CRM.Endpoints.Api", "Battery_CRM.Endpoints.Api\Battery_CRM.Endpoints.Api.csproj", "{C9860BEB-77FA-403C-9E56-C02DCB0A736B}"
EndProject
Global
	GlobalSection(SolutionConfigurationPlatforms) = preSolution
		Debug|Any CPU = Debug|Any CPU
		Release|Any CPU = Release|Any CPU
	EndGlobalSection
	GlobalSection(ProjectConfigurationPlatforms) = postSolution
		{7A9AE2A6-012B-4AAA-8682-E1E098DED198}.Debug|Any CPU.ActiveCfg = Debug|Any CPU
		{7A9AE2A6-012B-4AAA-8682-E1E098DED198}.Debug|Any CPU.Build.0 = Debug|Any CPU
		{7A9AE2A6-012B-4AAA-8682-E1E098DED198}.Release|Any CPU.ActiveCfg = Release|Any CPU
		{7A9AE2A6-012B-4AAA-8682-E1E098DED198}.Release|Any CPU.Build.0 = Release|Any CPU
		{D0D4FB53-E5D4-4D9C-A00F-B2FC32470195}.Debug|Any CPU.ActiveCfg = Debug|Any CPU
		{D0D4FB53-E5D4-4D9C-A00F-B2FC32470195}.Debug|Any CPU.Build.0 = Debug|Any CPU
		{D0D4FB53-E5D4-4D9C-A00F-B2FC32470195}.Release|Any CPU.ActiveCfg = Release|Any CPU
		{D0D4FB53-E5D4-4D9C-A00F-B2FC32470195}.Release|Any CPU.Build.0 = Release|Any CPU
		{86772903-B059-4732-B000-FA2A448EC97B}.Debug|Any CPU.ActiveCfg = Debug|Any CPU
		{86772903-B059-4732-B000-FA2A448EC97B}.Debug|Any CPU.Build.0 = Debug|Any CPU
		{86772903-B059-4732-B000-FA2A448EC97B}.Release|Any CPU.ActiveCfg = Release|Any CPU
		{86772903-B059-4732-B000-FA2A448EC97B}.Release|Any CPU.Build.0 = Release|Any CPU
		{C9860BEB-77FA-403C-9E56-C02DCB0A736B}.Debug|Any CPU.ActiveCfg = Debug|Any CPU
		{C9860BEB-77FA-403C-9E56-C02DCB0A736B}.Debug|Any CPU.Build.0 = Debug|Any CPU
		{C9860BEB-77FA-403C-9E56-C02DCB0A736B}.Release|Any CPU.ActiveCfg = Release|Any CPU
		{C9860BEB-77FA-403C-9E56-C02DCB0A736B}.Release|Any CPU.Build.0 = Release|Any CPU
	EndGlobalSection
	GlobalSection(SolutionProperties) = preSolution
		HideSolutionNode = FALSE
	EndGlobalSection
	GlobalSection(NestedProjects) = preSolution
		{7A9AE2A6-012B-4AAA-8682-E1E098DED198} = {77540628-AEFF-4E6A-826D-CC70DBCB7534}
		{D0D4FB53-E5D4-4D9C-A00F-B2FC32470195} = {3E37875D-EC98-40B7-8CB4-03A5B44BA696}
		{86772903-B059-4732-B000-FA2A448EC97B} = {66A38B0A-7B35-4D6C-9494-EF9356F59EEC}
		{C9860BEB-77FA-403C-9E56-C02DCB0A736B} = {13013053-85AC-4E63-8480-31262CD40401}
	EndGlobalSection
	GlobalSection(ExtensibilityGlobals) = postSolution
		SolutionGuid = {61F7A881-96D0-4028-A0B0-A67B9C756FEA}
	EndGlobalSection
EndGlobal
